<?xml version="1.0" encoding="utf-8"?>
<Project ToolsVersion="4.0" xmlns="http://schemas.microsoft.com/developer/msbuild/2003">
  <ItemGroup>
    <Filter Include="Source Files">
      <UniqueIdentifier>{4FC737F1-C7A5-4376-A066-2A32D752A2FF}</UniqueIdentifier>
      <Extensions>cpp;c;cc;cxx;c++;def;odl;idl;hpj;bat;asm;asmx</Extensions>
    </Filter>
    <Filter Include="Header Files">
      <UniqueIdentifier>{93995380-89BD-4b04-88EB-625FBE52EBFB}</UniqueIdentifier>
      <Extensions>h;hh;hpp;hxx;h++;hm;inl;inc;ipp;xsd</Extensions>
    </Filter>
    <Filter Include="Resource Files">
      <UniqueIdentifier>{67DA6AB6-F800-4c08-8B7A-83BB121AAD01}</UniqueIdentifier>
      <Extensions>rc;ico;cur;bmp;dlg;rc2;rct;bin;rgs;gif;jpg;jpeg;jpe;resx;tiff;tif;png;wav;mfcribbon-ms</Extensions>
    </Filter>
    <Filter Include="Helper">
      <UniqueIdentifier>{bb54e1c6-07c9-4c59-b9a1-0a36766f647b}</UniqueIdentifier>
    </Filter>
    <Filter Include="Memory">
      <UniqueIdentifier>{b991863c-19c9-46fe-beec-460c18d41eae}</UniqueIdentifier>
    </Filter>
    <Filter Include="Hack">
      <UniqueIdentifier>{b4229a5b-662c-4f3c-a5d3-4552fdf4fedb}</UniqueIdentifier>
    </Filter>
  </ItemGroup>
  <ItemGroup>
    <ClCompile Include="tryesp5.cpp">
      <Filter>Source Files</Filter>
    </ClCompile>
    <ClCompile Include="Helper.cpp">
      <Filter>Helper</Filter>
    </ClCompile>
    <ClCompile Include="Memory.cpp">
      <Filter>Memory</Filter>
    </ClCompile>
    <ClCompile Include="Hack.cpp">
      <Filter>Hack</Filter>
    </ClCompile>
  </ItemGroup>
  <ItemGroup>
    <ClInclude Include="offset.h">
      <Filter>Header Files</Filter>
    </ClInclude>
    <ClInclude Include="Helper.h">
      <Filter>Helper</Filter>
    </ClInclude>
    <ClInclude Include="Memory.h">
      <Filter>Memory</Filter>
    </ClInclude>
    <ClInclude Include="Hack.h">
      <Filter>Hack</Filter>
    </ClInclude>
  </ItemGroup>
</Project>